
Microsoft Visual Studio Solution File, Format Version 12.00
# Visual Studio Version 16
VisualStudioVersion = 16.0.30517.126
MinimumVisualStudioVersion = 10.0.40219.1
Project("{FAE04EC0-301F-11D3-BF4B-00C04F79EFBC}") = "week13-test-files", "week13-test-files\week13-test-files.csproj", "{9C7D5985-C1C6-4C8F-838D-AA337EBBBA12}"
EndProject
Project("{FAE04EC0-301F-11D3-BF4B-00C04F79EFBC}") = "ylesanne2", "ylesanne2\ylesanne2.csproj", "{CD103E05-6933-4491-A87B-0B77CD7E7B2E}"
EndProject
Project("{FAE04EC0-301F-11D3-BF4B-00C04F79EFBC}") = "ylesanne3", "ylesanne3\ylesanne3.csproj", "{21677942-78AC-4D22-9900-990609FD5D9D}"
EndProject
Project("{FAE04EC0-301F-11D3-BF4B-00C04F79EFBC}") = "ylesanne4", "ylesanne4\ylesanne4.csproj", "{19E81E9C-8A4F-45F0-8280-830E8A87D55D}"
EndProject
Project("{FAE04EC0-301F-11D3-BF4B-00C04F79EFBC}") = "ylesanne5", "ylesanne5\ylesanne5.csproj", "{DCB7DD53-E27F-4D79-8913-D41CD681CF76}"
EndProject
Global
	GlobalSection(SolutionConfigurationPlatforms) = preSolution
		Debug|Any CPU = Debug|Any CPU
		Release|Any CPU = Release|Any CPU
	EndGlobalSection
	GlobalSection(ProjectConfigurationPlatforms) = postSolution
		{9C7D5985-C1C6-4C8F-838D-AA337EBBBA12}.Debug|Any CPU.ActiveCfg = Debug|Any CPU
		{9C7D5985-C1C6-4C8F-838D-AA337EBBBA12}.Debug|Any CPU.Build.0 = Debug|Any CPU
		{9C7D5985-C1C6-4C8F-838D-AA337EBBBA12}.Release|Any CPU.ActiveCfg = Release|Any CPU
		{9C7D5985-C1C6-4C8F-838D-AA337EBBBA12}.Release|Any CPU.Build.0 = Release|Any CPU
		{CD103E05-6933-4491-A87B-0B77CD7E7B2E}.Debug|Any CPU.ActiveCfg = Debug|Any CPU
		{CD103E05-6933-4491-A87B-0B77CD7E7B2E}.Debug|Any CPU.Build.0 = Debug|Any CPU
		{CD103E05-6933-4491-A87B-0B77CD7E7B2E}.Release|Any CPU.ActiveCfg = Release|Any CPU
		{CD103E05-6933-4491-A87B-0B77CD7E7B2E}.Release|Any CPU.Build.0 = Release|Any CPU
		{21677942-78AC-4D22-9900-990609FD5D9D}.Debug|Any CPU.ActiveCfg = Debug|Any CPU
		{21677942-78AC-4D22-9900-990609FD5D9D}.Debug|Any CPU.Build.0 = Debug|Any CPU
		{21677942-78AC-4D22-9900-990609FD5D9D}.Release|Any CPU.ActiveCfg = Release|Any CPU
		{21677942-78AC-4D22-9900-990609FD5D9D}.Release|Any CPU.Build.0 = Release|Any CPU
		{19E81E9C-8A4F-45F0-8280-830E8A87D55D}.Debug|Any CPU.ActiveCfg = Debug|Any CPU
		{19E81E9C-8A4F-45F0-8280-830E8A87D55D}.Debug|Any CPU.Build.0 = Debug|Any CPU
		{19E81E9C-8A4F-45F0-8280-830E8A87D55D}.Release|Any CPU.ActiveCfg = Release|Any CPU
		{19E81E9C-8A4F-45F0-8280-830E8A87D55D}.Release|Any CPU.Build.0 = Release|Any CPU
		{DCB7DD53-E27F-4D79-8913-D41CD681CF76}.Debug|Any CPU.ActiveCfg = Debug|Any CPU
		{DCB7DD53-E27F-4D79-8913-D41CD681CF76}.Debug|Any CPU.Build.0 = Debug|Any CPU
		{DCB7DD53-E27F-4D79-8913-D41CD681CF76}.Release|Any CPU.ActiveCfg = Release|Any CPU
		{DCB7DD53-E27F-4D79-8913-D41CD681CF76}.Release|Any CPU.Build.0 = Release|Any CPU
	EndGlobalSection
	GlobalSection(SolutionProperties) = preSolution
		HideSolutionNode = FALSE
	EndGlobalSection
	GlobalSection(ExtensibilityGlobals) = postSolution
		SolutionGuid = {A0FA7F94-F167-4205-8084-8DFDE5F213E5}
	EndGlobalSection
EndGlobal
